Microsoft Visual Studio Solution File, Format Version 12.00
# Visual Studio Version 17
VisualStudioVersion = 17.5.2.0
MinimumVisualStudioVersion = 10.0.40219.1
Project("{FAE04EC0-301F-11D3-BF4B-00C04F79EFBC}") = "EmailCleaner", "EmailCleaner.csproj", "{BAAA0227-932A-3DCD-EAFD-AD97515753BA}"
EndProject
Global
	GlobalSection(SolutionConfigurationPlatforms) = preSolution
		Debug|Any CPU = Debug|Any CPU
		Release|Any CPU = Release|Any CPU
	EndGlobalSection
	GlobalSection(ProjectConfigurationPlatforms) = postSolution
		{BAAA0227-932A-3DCD-EAFD-AD97515753BA}.Debug|Any CPU.ActiveCfg = Debug|Any CPU
		{BAAA0227-932A-3DCD-EAFD-AD97515753BA}.Debug|Any CPU.Build.0 = Debug|Any CPU
		{BAAA0227-932A-3DCD-EAFD-AD97515753BA}.Release|Any CPU.ActiveCfg = Release|Any CPU
		{BAAA0227-932A-3DCD-EAFD-AD97515753BA}.Release|Any CPU.Build.0 = Release|Any CPU
	EndGlobalSection
	GlobalSection(SolutionProperties) = preSolution
		HideSolutionNode = FALSE
	EndGlobalSection
	GlobalSection(ExtensibilityGlobals) = postSolution
		SolutionGuid = {72A08DE4-C7C5-4162-AC79-CA60D1078BB6}
	EndGlobalSection
EndGlobal
