Microsoft Visual Studio Solution File, Format Version 12.00
# Visual Studio Version 17
VisualStudioVersion = 17.5.2.0
MinimumVisualStudioVersion = 10.0.40219.1
Project("{FAE04EC0-301F-11D3-BF4B-00C04F79EFBC}") = "Day40Practise", "Day40Practise.csproj", "{6F558D8A-D98F-CE76-6071-719C4B16C5AA}"
EndProject
Global
	GlobalSection(SolutionConfigurationPlatforms) = preSolution
		Debug|Any CPU = Debug|Any CPU
		Release|Any CPU = Release|Any CPU
	EndGlobalSection
	GlobalSection(ProjectConfigurationPlatforms) = postSolution
		{6F558D8A-D98F-CE76-6071-719C4B16C5AA}.Debug|Any CPU.ActiveCfg = Debug|Any CPU
		{6F558D8A-D98F-CE76-6071-719C4B16C5AA}.Debug|Any CPU.Build.0 = Debug|Any CPU
		{6F558D8A-D98F-CE76-6071-719C4B16C5AA}.Release|Any CPU.ActiveCfg = Release|Any CPU
		{6F558D8A-D98F-CE76-6071-719C4B16C5AA}.Release|Any CPU.Build.0 = Release|Any CPU
	EndGlobalSection
	GlobalSection(SolutionProperties) = preSolution
		HideSolutionNode = FALSE
	EndGlobalSection
	GlobalSection(ExtensibilityGlobals) = postSolution
		SolutionGuid = {B600F1A4-2581-4156-BE4A-3748043A30AC}
	EndGlobalSection
EndGlobal
