Microsoft Visual Studio Solution File, Format Version 12.00
# Visual Studio Version 17
VisualStudioVersion = 17.5.2.0
MinimumVisualStudioVersion = 10.0.40219.1
Project("{FAE04EC0-301F-11D3-BF4B-00C04F79EFBC}") = "TournamentRankingSystem", "TournamentRankingSystem.csproj", "{CE6852B9-F173-206B-2FC4-178388D4EF1C}"
EndProject
Global
	GlobalSection(SolutionConfigurationPlatforms) = preSolution
		Debug|Any CPU = Debug|Any CPU
		Release|Any CPU = Release|Any CPU
	EndGlobalSection
	GlobalSection(ProjectConfigurationPlatforms) = postSolution
		{CE6852B9-F173-206B-2FC4-178388D4EF1C}.Debug|Any CPU.ActiveCfg = Debug|Any CPU
		{CE6852B9-F173-206B-2FC4-178388D4EF1C}.Debug|Any CPU.Build.0 = Debug|Any CPU
		{CE6852B9-F173-206B-2FC4-178388D4EF1C}.Release|Any CPU.ActiveCfg = Release|Any CPU
		{CE6852B9-F173-206B-2FC4-178388D4EF1C}.Release|Any CPU.Build.0 = Release|Any CPU
	EndGlobalSection
	GlobalSection(SolutionProperties) = preSolution
		HideSolutionNode = FALSE
	EndGlobalSection
	GlobalSection(ExtensibilityGlobals) = postSolution
		SolutionGuid = {7551159A-69AA-4E32-8BD0-DB97ADDB63A7}
	EndGlobalSection
EndGlobal
